hash: 76a0e442ed6e76692766f93ef1166f7a41e695e655927d4667ed6fb75f1edac5
updated: 2019-10-13T00:04:18.4211827+03:00
imports:
- name: github.com/blang/semver
  version: 1a9109f8c4a1d669a78442f567dfe8eedf982793
- name: github.com/dyatlov/go-opengraph
  version: 816b6608b3c8c1e871bc9cf777f390e2532081fe
  subpackages:
  - opengraph
- name: github.com/gorilla/websocket
  version: 3ab3a8b8831546bd18fd182c20687ca853b2bb13
- name: github.com/jinzhu/gorm
  version: 1bca5dbdd9e8913c2fb825f2d824ed6b0435c65d
  subpackages:
  - dialects/sqlite
- name: github.com/jinzhu/inflection
  version: f5c5f50e6090ae76a29240b61ae2a90dd810112e
- name: github.com/mattermost/go-i18n
  version: 9a9b2eb57c9f39e7142fe48a35f047716c444ed1
  subpackages:
  - i18n
  - i18n/bundle
  - i18n/language
  - i18n/translation
- name: github.com/mattermost/ldap
  version: fee0a369f21be68ea3d647c0da8272a352fa1528
- name: github.com/mattermost/mattermost-server
  version: fa8e57d91a0e9e66c300f132ad19ca850faa77b0
  subpackages:
  - mlog
  - model
  - services/timezones
  - utils/jsonutils
  - utils/markdown
- name: github.com/mattn/go-sqlite3
  version: 3f45aefa8dc8bbdd97619dd2765f864972f3310e
- name: github.com/pborman/uuid
  version: a97ce2ca70fa5a848076093f05e639a89ca34d06
- name: github.com/pelletier/go-toml
  version: 69d355db5304c0f7f809a2edc054553e7142f016
- name: github.com/pkg/errors
  version: 27936f6d90f9c8e1145f11ed52ffffbfdb9e0af7
- name: go.uber.org/atomic
  version: df976f2515e274675050de7b3f42545de80594fd
- name: go.uber.org/multierr
  version: 71e610a0e48dbda460d9c18adca8b5f2de04a7c1
- name: go.uber.org/zap
  version: d8445f34b4ae69130c5337a6fb65f317e3b71f76
  subpackages:
  - buffer
  - internal/bufferpool
  - internal/color
  - internal/exit
  - zapcore
- name: golang.org/x/crypto
  version: dd85ac7e6a88fc6ca420478e934de5f1a42dd3c6
  subpackages:
  - bcrypt
  - blowfish
- name: golang.org/x/net
  version: 491137f692577e390404f177a0515c9f86f79754
  subpackages:
  - html
  - html/atom
- name: golang.org/x/text
  version: 3d0f7978add91030e5e8976ff65ccdd828286cba
  subpackages:
  - internal/language
  - internal/language/compact
  - internal/tag
  - language
- name: gopkg.in/ahmetb/go-linq.v3
  version: b1b02a14bd27fab06f03ca1e4eed893f5011c152
- name: gopkg.in/asn1-ber.v1
  version: f715ec2f112d1e4195b827ad68cf44017a3ef2b1
- name: gopkg.in/natefinch/lumberjack.v2
  version: a96e63847dc3c67d17befa69c303767e2f84e54f
- name: gopkg.in/yaml.v2
  version: cd8b52f8269e0feb286dfeef29f8fe4d5b397e0b
testImports: []
